hash: 384def80b3228cd91c87e245413d501bc90168d4df215161eccd8363172b8008
updated: 2016-09-23T11:13:32.254426869+02:00
imports:
- name: github.com/d2r2/go-dht
  version: d74e22ccfe2297ded0accdaf0ba78b7c70cf7fbb
- name: github.com/julienschmidt/httprouter
  version: 8c199fb6259ffc1af525cc3ad52ee60ba8359669
- name: github.com/op/go-logging
  version: b2cb9fa56473e98db8caba80237377e83fe44db5
testImports: []
